// !$*UTF8*$!
{
	archiveVersion = 1;
	classes = {
	};
	objectVersion = 55;
	objects = {

/* Begin PBXBuildFile section */
		C7826CF828B94C4700FED065 /* TableViewCell.swift in Sources */ = {isa = PBXBuildFile; fileRef = C7826CF628B94C4700FED065 /* TableViewCell.swift */; };
		C7826CF928B94C4700FED065 /* TableViewCell.xib in Resources */ = {isa = PBXBuildFile; fileRef = C7826CF728B94C4700FED065 /* TableViewCell.xib */; };
		C78B1ADD28B8FA9B0080A4AA /* AppDelegate.swift in Sources */ = {isa = PBXBuildFile; fileRef = C78B1ADC28B8FA9B0080A4AA /* AppDelegate.swift */; };
		C78B1ADF28B8FA9B0080A4AA /* SceneDelegate.swift in Sources */ = {isa = PBXBuildFile; fileRef = C78B1ADE28B8FA9B0080A4AA /* SceneDelegate.swift */; };
		C78B1AE128B8FA9B0080A4AA /* ViewController.swift in Sources */ = {isa = PBXBuildFile; fileRef = C78B1AE028B8FA9B0080A4AA /* ViewController.swift */; };
		C78B1AE428B8FA9B0080A4AA /* Main.storyboard in Resources */ = {isa = PBXBuildFile; fileRef = C78B1AE228B8FA9B0080A4AA /* Main.storyboard */; };
		C78B1AE628B8FA9F0080A4AA /* Assets.xcassets in Resources */ = {isa = PBXBuildFile; fileRef = C78B1AE528B8FA9F0080A4AA /* Assets.xcassets */; };
		C78B1AE928B8FA9F0080A4AA /* LaunchScreen.storyboard in Resources */ = {isa = PBXBuildFile; fileRef = C78B1AE728B8FA9F0080A4AA /* LaunchScreen.storyboard */; };
		C78B1AF128B8FD440080A4AA /* PeopledataViewController.swift in Sources */ = {isa = PBXBuildFile; fileRef = C78B1AF028B8FD440080A4AA /* PeopledataViewController.swift */; };
		C78B1AF328B8FD610080A4AA /* PeopleData.swift in Sources */ = {isa = PBXBuildFile; fileRef = C78B1AF228B8FD610080A4AA /* PeopleData.swift */; };
/* End PBXBuildFile section */

/* Begin PBXFileReference section */
		C7826CF628B94C4700FED065 /* TableViewCell.swift */ = {isa = PBXFileReference; lastKnownFileType = sourcecode.swift; path = TableViewCell.swift; sourceTree = "<group>"; };
		C7826CF728B94C4700FED065 /* TableViewCell.xib */ = {isa = PBXFileReference; lastKnownFileType = file.xib; path = TableViewCell.xib; sourceTree = "<group>"; };
		C78B1AD928B8FA9B0080A4AA /* Taskequest.app */ = {isa = PBXFileReference; explicitFileType = wrapper.application; includeInIndex = 0; path = Taskequest.app; sourceTree = BUILT_PRODUCTS_DIR; };
		C78B1ADC28B8FA9B0080A4AA /* AppDelegate.swift */ = {isa = PBXFileReference; lastKnownFileType = sourcecode.swift; path = AppDelegate.swift; sourceTree = "<group>"; };
		C78B1ADE28B8FA9B0080A4AA /* SceneDelegate.swift */ = {isa = PBXFileReference; lastKnownFileType = sourcecode.swift; path = SceneDelegate.swift; sourceTree = "<group>"; };
		C78B1AE028B8FA9B0080A4AA /* ViewController.swift */ = {isa = PBXFileReference; lastKnownFileType = sourcecode.swift; path = ViewController.swift; sourceTree = "<group>"; tabWidth = 4; };
		C78B1AE328B8FA9B0080A4AA /* Base */ = {isa = PBXFileReference; lastKnownFileType = file.storyboard; name = Base; path = Base.lproj/Main.storyboard; sourceTree = "<group>"; };
		C78B1AE528B8FA9F0080A4AA /* Assets.xcassets */ = {isa = PBXFileReference; lastKnownFileType = folder.assetcatalog; path = Assets.xcassets; sourceTree = "<group>"; };
		C78B1AE828B8FA9F0080A4AA /* Base */ = {isa = PBXFileReference; lastKnownFileType = file.storyboard; name = Base; path = Base.lproj/LaunchScreen.storyboard; sourceTree = "<group>"; };
		C78B1AEA28B8FA9F0080A4AA /* Info.plist */ = {isa = PBXFileReference; lastKnownFileType = text.plist.xml; path = Info.plist; sourceTree = "<group>"; };
		C78B1AF028B8FD440080A4AA /* PeopledataViewController.swift */ = {isa = PBXFileReference; lastKnownFileType = sourcecode.swift; path = PeopledataViewController.swift; sourceTree = "<group>"; };
		C78B1AF228B8FD610080A4AA /* PeopleData.swift */ = {isa = PBXFileReference; lastKnownFileType = sourcecode.swift; path = PeopleData.swift; sourceTree = "<group>"; };
/* End PBXFileReference section */

/* Begin PBXFrameworksBuildPhase section */
		C78B1AD628B8FA9B0080A4AA /* Frameworks */ = {
			isa = PBXFrameworksBuildPhase;
			buildActionMask = 2147483647;
			files = (
			);
			runOnlyForDeploymentPostprocessing = 0;
		};
/* End PBXFrameworksBuildPhase section */

/* Begin PBXGroup section */
		C78B1AD028B8FA9B0080A4AA = {
			isa = PBXGroup;
			children = (
				C78B1ADB28B8FA9B0080A4AA /* Taskequest */,
				C78B1ADA28B8FA9B0080A4AA /* Products */,
			);
			sourceTree = "<group>";
		};
		C78B1ADA28B8FA9B0080A4AA /* Products */ = {
			isa = PBXGroup;
			children = (
				C78B1AD928B8FA9B0080A4AA /* Taskequest.app */,
			);
			name = Products;
			sourceTree = "<group>";
		};
		C78B1ADB28B8FA9B0080A4AA /* Taskequest */ = {
			isa = PBXGroup;
			children = (
				C78B1ADC28B8FA9B0080A4AA /* AppDelegate.swift */,
				C78B1ADE28B8FA9B0080A4AA /* SceneDelegate.swift */,
				C78B1AE028B8FA9B0080A4AA /* ViewController.swift */,
				C78B1AF028B8FD440080A4AA /* PeopledataViewController.swift */,
				C78B1AF228B8FD610080A4AA /* PeopleData.swift */,
				C7826CF628B94C4700FED065 /* TableViewCell.swift */,
				C7826CF728B94C4700FED065 /* TableViewCell.xib */,
				C78B1AE228B8FA9B0080A4AA /* Main.storyboard */,
				C78B1AE528B8FA9F0080A4AA /* Assets.xcassets */,
				C78B1AE728B8FA9F0080A4AA /* LaunchScreen.storyboard */,
				C78B1AEA28B8FA9F0080A4AA /* Info.plist */,
			);
			path = Taskequest;
			sourceTree = "<group>";
		};
/* End PBXGroup section */

/* Begin PBXNativeTarget section */
		C78B1AD828B8FA9B0080A4AA /* Taskequest */ = {
			isa = PBXNativeTarget;
			buildConfigurationList = C78B1AED28B8FA9F0080A4AA /* Build configuration list for PBXNativeTarget "Taskequest" */;
			buildPhases = (
				C78B1AD528B8FA9B0080A4AA /* Sources */,
				C78B1AD628B8FA9B0080A4AA /* Frameworks */,
				C78B1AD728B8FA9B0080A4AA /* Resources */,
			);
			buildRules = (
			);
			dependencies = (
			);
			name = Taskequest;
			productName = Taskequest;
			productReference = C78B1AD928B8FA9B0080A4AA /* Taskequest.app */;
			productType = "com.apple.product-type.application";
		};
/* End PBXNativeTarget section */

/* Begin PBXProject section */
		C78B1AD128B8FA9B0080A4AA /* Project object */ = {
			isa = PBXProject;
			attributes = {
				BuildIndependentTargetsInParallel = 1;
				LastSwiftUpdateCheck = 1340;
				LastUpgradeCheck = 1340;
				TargetAttributes = {
					C78B1AD828B8FA9B0080A4AA = {
						CreatedOnToolsVersion = 13.4;
					};
				};
			};
			buildConfigurationList = C78B1AD428B8FA9B0080A4AA /* Build configuration list for PBXProject "Taskequest" */;
			compatibilityVersion = "Xcode 13.0";
			developmentRegion = en;
			hasScannedForEncodings = 0;
			knownRegions = (
				en,
				Base,
			);
			mainGroup = C78B1AD028B8FA9B0080A4AA;
			productRefGroup = C78B1ADA28B8FA9B0080A4AA /* Products */;
			projectDirPath = "";
			projectRoot = "";
			targets = (
				C78B1AD828B8FA9B0080A4AA /* Taskequest */,
			);
		};
/* End PBXProject section */

/* Begin PBXResourcesBuildPhase section */
		C78B1AD728B8FA9B0080A4AA /* Resources */ = {
			isa = PBXResourcesBuildPhase;
			buildActionMask = 2147483647;
			files = (
				C78B1AE928B8FA9F0080A4AA /* LaunchScreen.storyboard in Resources */,
				C7826CF928B94C4700FED065 /* TableViewCell.xib in Resources */,
				C78B1AE628B8FA9F0080A4AA /* Assets.xcassets in Resources */,
				C78B1AE428B8FA9B0080A4AA /* Main.storyboard in Resources */,
			);
			runOnlyForDeploymentPostprocessing = 0;
		};
/* End PBXResourcesBuildPhase section */

/* Begin PBXSourcesBuildPhase section */
		C78B1AD528B8FA9B0080A4AA /* Sources */ = {
			isa = PBXSourcesBuildPhase;
			buildActionMask = 2147483647;
			files = (
				C78B1AE128B8FA9B0080A4AA /* ViewController.swift in Sources */,
				C78B1ADD28B8FA9B0080A4AA /* AppDelegate.swift in Sources */,
				C78B1ADF28B8FA9B0080A4AA /* SceneDelegate.swift in Sources */,
				C7826CF828B94C4700FED065 /* TableViewCell.swift in Sources */,
				C78B1AF128B8FD440080A4AA /* PeopledataViewController.swift in Sources */,
				C78B1AF328B8FD610080A4AA /* PeopleData.swift in Sources */,
			);
			runOnlyForDeploymentPostprocessing = 0;
		};
/* End PBXSourcesBuildPhase section */

/* Begin PBXVariantGroup section */
		C78B1AE228B8FA9B0080A4AA /* Main.storyboard */ = {
			isa = PBXVariantGroup;
			children = (
				C78B1AE328B8FA9B0080A4AA /* Base */,
			);
			name = Main.storyboard;
			sourceTree = "<group>";
		};
		C78B1AE728B8FA9F0080A4AA /* LaunchScreen.storyboard */ = {
			isa = PBXVariantGroup;
			children = (
				C78B1AE828B8FA9F0080A4AA /* Base */,
			);
			name = LaunchScreen.storyboard;
			sourceTree = "<group>";
		};
/* End PBXVariantGroup section */

/* Begin XCBuildConfiguration section */
		C78B1AEB28B8FA9F0080A4AA /* Debug */ = {
			isa = XCBuildConfiguration;
			buildSettings = {
				ALWAYS_SEARCH_USER_PATHS = NO;
				CLANG_ANALYZER_NONNULL = YES;
				CLANG_ANALYZER_NUMBER_OBJECT_CONVERSION = YES_AGGRESSIVE;
				CLANG_CXX_LANGUAGE_STANDARD = "gnu++17";
				CLANG_ENABLE_MODULES = YES;
				CLANG_ENABLE_OBJC_ARC = YES;
				CLANG_ENABLE_OBJC_WEAK = YES;
				CLANG_WARN_BLOCK_CAPTURE_AUTORELEASING = YES;
				CLANG_WARN_BOOL_CONVERSION = YES;
				CLANG_WARN_COMMA = YES;
				CLANG_WARN_CONSTANT_CONVERSION = YES;
				CLANG_WARN_DEPRECATED_OBJC_IMPLEMENTATIONS = YES;
				CLANG_WARN_DIRECT_OBJC_ISA_USAGE = YES_ERROR;
				CLANG_WARN_DOCUMENTATION_COMMENTS = YES;
				CLANG_WARN_EMPTY_BODY = YES;
				CLANG_WARN_ENUM_CONVERSION = YES;
				CLANG_WARN_INFINITE_RECURSION = YES;
				CLANG_WARN_INT_CONVERSION = YES;
				CLANG_WARN_NON_LITERAL_NULL_CONVERSION = YES;
				CLANG_WARN_OBJC_IMPLICIT_RETAIN_SELF = YES;
				CLANG_WARN_OBJC_LITERAL_CONVERSION = YES;
				CLANG_WARN_OBJC_ROOT_CLASS = YES_ERROR;
				CLANG_WARN_QUOTED_INCLUDE_IN_FRAMEWORK_HEADER = YES;
				CLANG_WARN_RANGE_LOOP_ANALYSIS = YES;
				CLANG_WARN_STRICT_PROTOTYPES = YES;
				CLANG_WARN_SUSPICIOUS_MOVE = YES;
				CLANG_WARN_UNGUARDED_AVAILABILITY = YES_AGGRESSIVE;
				CLANG_WARN_UNREACHABLE_CODE = YES;
				CLANG_WARN__DUPLICATE_METHOD_MATCH = YES;
				COPY_PHASE_STRIP = NO;
				DEBUG_INFORMATION_FORMAT = dwarf;
				ENABLE_STRICT_OBJC_MSGSEND = YES;
				ENABLE_TESTABILITY = YES;
				GCC_C_LANGUAGE_STANDARD = gnu11;
				GCC_DYNAMIC_NO_PIC = NO;
				GCC_NO_COMMON_BLOCKS = YES;
				GCC_OPTIMIZATION_LEVEL = 0;
				GCC_PREPROCESSOR_DEFINITIONS = (
					"DEBUG=1",
					"$(inherited)",
				);
				GCC_WARN_64_TO_32_BIT_CONVERSION = YES;
				GCC_WARN_ABOUT_RETURN_TYPE = YES_ERROR;
				GCC_WARN_UNDECLARED_SELECTOR = YES;
				GCC_WARN_UNINITIALIZED_AUTOS = YES_AGGRESSIVE;
				GCC_WARN_UNUSED_FUNCTION = YES;
				GCC_WARN_UNUSED_VARIABLE = YES;
				IPHONEOS_DEPLOYMENT_TARGET = 15.5;
				MTL_ENABLE_DEBUG_INFO = INCLUDE_SOURCE;
				MTL_FAST_MATH = YES;
				ONLY_ACTIVE_ARCH = YES;
				SDKROOT = iphoneos;
				SWIFT_ACTIVE_COMPILATION_CONDITIONS = DEBUG;
				SWIFT_OPTIMIZATION_LEVEL = "-Onone";
			};
			name = Debug;
		};
		C78B1AEC28B8FA9F0080A4AA /* Release */ = {
			isa = XCBuildConfiguration;
			buildSettings = {
				ALWAYS_SEARCH_USER_PATHS = NO;
				CLANG_ANALYZER_NONNULL = YES;
				CLANG_ANALYZER_NUMBER_OBJECT_CONVERSION = YES_AGGRESSIVE;
				CLANG_CXX_LANGUAGE_STANDARD = "gnu++17";
				CLANG_ENABLE_MODULES = YES;
				CLANG_ENABLE_OBJC_ARC = YES;
				CLANG_ENABLE_OBJC_WEAK = YES;
				CLANG_WARN_BLOCK_CAPTURE_AUTORELEASING = YES;
				CLANG_WARN_BOOL_CONVERSION = YES;
				CLANG_WARN_COMMA = YES;
				CLANG_WARN_CONSTANT_CONVERSION = YES;
				CLANG_WARN_DEPRECATED_OBJC_IMPLEMENTATIONS = YES;
				CLANG_WARN_DIRECT_OBJC_ISA_USAGE = YES_ERROR;
				CLANG_WARN_DOCUMENTATION_COMMENTS = YES;
				CLANG_WARN_EMPTY_BODY = YES;
				CLANG_WARN_ENUM_CONVERSION = YES;
				CLANG_WARN_INFINITE_RECURSION = YES;
				CLANG_WARN_INT_CONVERSION = YES;
				CLANG_WARN_NON_LITERAL_NULL_CONVERSION = YES;
				CLANG_WARN_OBJC_IMPLICIT_RETAIN_SELF = YES;
				CLANG_WARN_OBJC_LITERAL_CONVERSION = YES;
				CLANG_WARN_OBJC_ROOT_CLASS = YES_ERROR;
				CLANG_WARN_QUOTED_INCLUDE_IN_FRAMEWORK_HEADER = YES;
				CLANG_WARN_RANGE_LOOP_ANALYSIS = YES;
				CLANG_WARN_STRICT_PROTOTYPES = YES;
				CLANG_WARN_SUSPICIOUS_MOVE = YES;
				CLANG_WARN_UNGUARDED_AVAILABILITY = YES_AGGRESSIVE;
				CLANG_WARN_UNREACHABLE_CODE = YES;
				CLANG_WARN__DUPLICATE_METHOD_MATCH = YES;
				COPY_PHASE_STRIP = NO;
				DEBUG_INFORMATION_FORMAT = "dwarf-with-dsym";
				ENABLE_NS_ASSERTIONS = NO;
				ENABLE_STRICT_OBJC_MSGSEND = YES;
				GCC_C_LANGUAGE_STANDARD = gnu11;
				GCC_NO_COMMON_BLOCKS = YES;
				GCC_WARN_64_TO_32_BIT_CONVERSION = YES;
				GCC_WARN_ABOUT_RETURN_TYPE = YES_ERROR;
				GCC_WARN_UNDECLARED_SELECTOR = YES;
				GCC_WARN_UNINITIALIZED_AUTOS = YES_AGGRESSIVE;
				GCC_WARN_UNUSED_FUNCTION = YES;
				GCC_WARN_UNUSED_VARIABLE = YES;
				IPHONEOS_DEPLOYMENT_TARGET = 15.5;
				MTL_ENABLE_DEBUG_INFO = NO;
				MTL_FAST_MATH = YES;
				SDKROOT = iphoneos;
				SWIFT_COMPILATION_MODE = wholemodule;
				SWIFT_OPTIMIZATION_LEVEL = "-O";
				VALIDATE_PRODUCT = YES;
			};
			name = Release;
		};
		C78B1AEE28B8FA9F0080A4AA /* Debug */ = {
			isa = XCBuildConfiguration;
			buildSettings = {
				ASSETCATALOG_COMPILER_APPICON_NAME = AppIcon;
				ASSETCATALOG_COMPILER_GLOBAL_ACCENT_COLOR_NAME = AccentColor;
				CODE_SIGN_STYLE = Automatic;
				CURRENT_PROJECT_VERSION = 1;
				GENERATE_INFOPLIST_FILE = YES;
				INFOPLIST_FILE = Taskequest/Info.plist;
				INFOPLIST_KEY_UIApplicationSupportsIndirectInputEvents = YES;
				INFOPLIST_KEY_UILaunchStoryboardName = LaunchScreen;
				INFOPLIST_KEY_UIMainStoryboardFile = Main;
				INFOPLIST_KEY_UISupportedInterfaceOrientations_iPad = "UIInterfaceOrientationPortrait UIInterfaceOrientationPortraitUpsideDown UIInterfaceOrientationLandscapeLeft UIInterfaceOrientationLandscapeRight";
				INFOPLIST_KEY_UISupportedInterfaceOrientations_iPhone = "UIInterfaceOrientationPortrait UIInterfaceOrientationLandscapeLeft UIInterfaceOrientationLandscapeRight";
				LD_RUNPATH_SEARCH_PATHS = (
					"$(inherited)",
					"@executable_path/Frameworks",
				);
				MARKETING_VERSION = 1.0;
				PRODUCT_BUNDLE_IDENTIFIER = com.demo.Taskequest;
				PRODUCT_NAME = "$(TARGET_NAME)";
				SWIFT_EMIT_LOC_STRINGS = YES;
				SWIFT_VERSION = 5.0;
				TARGETED_DEVICE_FAMILY = "1,2";
			};
			name = Debug;
		};
		C78B1AEF28B8FA9F0080A4AA /* Release */ = {
			isa = XCBuildConfiguration;
			buildSettings = {
				ASSETCATALOG_COMPILER_APPICON_NAME = AppIcon;
				ASSETCATALOG_COMPILER_GLOBAL_ACCENT_COLOR_NAME = AccentColor;
				CODE_SIGN_STYLE = Automatic;
				CURRENT_PROJECT_VERSION = 1;
				GENERATE_INFOPLIST_FILE = YES;
				INFOPLIST_FILE = Taskequest/Info.plist;
				INFOPLIST_KEY_UIApplicationSupportsIndirectInputEvents = YES;
				INFOPLIST_KEY_UILaunchStoryboardName = LaunchScreen;
				INFOPLIST_KEY_UIMainStoryboardFile = Main;
				INFOPLIST_KEY_UISupportedInterfaceOrientations_iPad = "UIInterfaceOrientationPortrait UIInterfaceOrientationPortraitUpsideDown UIInterfaceOrientationLandscapeLeft UIInterfaceOrientationLandscapeRight";
				INFOPLIST_KEY_UISupportedInterfaceOrientations_iPhone = "UIInterfaceOrientationPortrait UIInterfaceOrientationLandscapeLeft UIInterfaceOrientationLandscapeRight";
				LD_RUNPATH_SEARCH_PATHS = (
					"$(inherited)",
					"@executable_path/Frameworks",
				);
				MARKETING_VERSION = 1.0;
				PRODUCT_BUNDLE_IDENTIFIER = com.demo.Taskequest;
				PRODUCT_NAME = "$(TARGET_NAME)";
				SWIFT_EMIT_LOC_STRINGS = YES;
				SWIFT_VERSION = 5.0;
				TARGETED_DEVICE_FAMILY = "1,2";
			};
			name = Release;
		};
/* End XCBuildConfiguration section */

/* Begin XCConfigurationList section */
		C78B1AD428B8FA9B0080A4AA /* Build configuration list for PBXProject "Taskequest" */ = {
			isa = XCConfigurationList;
			buildConfigurations = (
				C78B1AEB28B8FA9F0080A4AA /* Debug */,
				C78B1AEC28B8FA9F0080A4AA /* Release */,
			);
			defaultConfigurationIsVisible = 0;
			defaultConfigurationName = Release;
		};
		C78B1AED28B8FA9F0080A4AA /* Build configuration list for PBXNativeTarget "Taskequest" */ = {
			isa = XCConfigurationList;
			buildConfigurations = (
				C78B1AEE28B8FA9F0080A4AA /* Debug */,
				C78B1AEF28B8FA9F0080A4AA /* Release */,
			);
			defaultConfigurationIsVisible = 0;
			defaultConfigurationName = Release;
		};
/* End XCConfigurationList section */
	};
	rootObject = C78B1AD128B8FA9B0080A4AA /* Project object */;
}
